
Microsoft Visual Studio Solution File, Format Version 12.00
# Visual Studio Version 16
VisualStudioVersion = 16.0.31729.503
MinimumVisualStudioVersion = 10.0.40219.1
Project("{FAE04EC0-301F-11D3-BF4B-00C04F79EFBC}") = "AdoNetProject", "AdoNetProject\AdoNetProject.csproj", "{BDBE37D8-39A5-491C-9525-EAFFA82B3402}"
EndProject
Global
	GlobalSection(SolutionConfigurationPlatforms) = preSolution
		Debug|Any CPU = Debug|Any CPU
		Release|Any CPU = Release|Any CPU
	EndGlobalSection
	GlobalSection(ProjectConfigurationPlatforms) = postSolution
		{BDBE37D8-39A5-491C-9525-EAFFA82B3402}.Debug|Any CPU.ActiveCfg = Debug|Any CPU
		{BDBE37D8-39A5-491C-9525-EAFFA82B3402}.Debug|Any CPU.Build.0 = Debug|Any CPU
		{BDBE37D8-39A5-491C-9525-EAFFA82B3402}.Release|Any CPU.ActiveCfg = Release|Any CPU
		{BDBE37D8-39A5-491C-9525-EAFFA82B3402}.Release|Any CPU.Build.0 = Release|Any CPU
	EndGlobalSection
	GlobalSection(SolutionProperties) = preSolution
		HideSolutionNode = FALSE
	EndGlobalSection
	GlobalSection(ExtensibilityGlobals) = postSolution
		SolutionGuid = {FE01A7B2-DC79-438F-8361-C3FCC7D2F031}
	EndGlobalSection
EndGlobal
